
Microsoft Visual Studio Solution File, Format Version 12.00
# Visual Studio Version 16
VisualStudioVersion = 16.0.30503.244
MinimumVisualStudioVersion = 10.0.40219.1
Project("{888888A0-9F3D-457C-B088-3A5042F75D52}") = "Orz_bot", "Orz_bot\Orz_bot.pyproj", "{1F88DB6B-CAA7-4F99-9059-F2807A6BDD5B}"
EndProject
Global
	GlobalSection(SolutionConfigurationPlatforms) = preSolution
		Debug|Any CPU = Debug|Any CPU
		Release|Any CPU = Release|Any CPU
	EndGlobalSection
	GlobalSection(ProjectConfigurationPlatforms) = postSolution
		{1F88DB6B-CAA7-4F99-9059-F2807A6BDD5B}.Debug|Any CPU.ActiveCfg = Debug|Any CPU
		{1F88DB6B-CAA7-4F99-9059-F2807A6BDD5B}.Release|Any CPU.ActiveCfg = Release|Any CPU
	EndGlobalSection
	GlobalSection(SolutionProperties) = preSolution
		HideSolutionNode = FALSE
	EndGlobalSection
	GlobalSection(ExtensibilityGlobals) = postSolution
		SolutionGuid = {1EA70801-AF77-45C9-8221-F5BF265502B0}
	EndGlobalSection
EndGlobal
